
Microsoft Visual Studio Solution File, Format Version 12.00
# Visual Studio 14
VisualStudioVersion = 14.0.25123.0
MinimumVisualStudioVersion = 10.0.40219.1
Project("{FAE04EC0-301F-11D3-BF4B-00C04F79EFBC}") = "Problem1", "Problem1\Problem1.csproj", "{32175481-5FBA-4F72-90DD-BA7E6E4BC348}"
EndProject
Project("{2150E333-8FDC-42A3-9474-1A3956D46DE8}") = "Problem2", "Problem2", "{A110788E-72CB-46FA-9E16-8E94F76AE83D}"
	ProjectSection(SolutionItems) = preProject
		Problem2\bootstrap.min.css = Problem2\bootstrap.min.css
		Problem2\jquery-3.1.1.min.js = Problem2\jquery-3.1.1.min.js
		Problem2\P2-weekdayPattern.html = Problem2\P2-weekdayPattern.html
		Problem2\weekdayPattern.css = Problem2\weekdayPattern.css
		Problem2\weekdayPattern.js = Problem2\weekdayPattern.js
	EndProjectSection
EndProject
Global
	GlobalSection(SolutionConfigurationPlatforms) = preSolution
		Debug|Any CPU = Debug|Any CPU
		Release|Any CPU = Release|Any CPU
	EndGlobalSection
	GlobalSection(ProjectConfigurationPlatforms) = postSolution
		{32175481-5FBA-4F72-90DD-BA7E6E4BC348}.Debug|Any CPU.ActiveCfg = Debug|Any CPU
		{32175481-5FBA-4F72-90DD-BA7E6E4BC348}.Debug|Any CPU.Build.0 = Debug|Any CPU
		{32175481-5FBA-4F72-90DD-BA7E6E4BC348}.Release|Any CPU.ActiveCfg = Release|Any CPU
		{32175481-5FBA-4F72-90DD-BA7E6E4BC348}.Release|Any CPU.Build.0 = Release|Any CPU
	EndGlobalSection
	GlobalSection(SolutionProperties) = preSolution
		HideSolutionNode = FALSE
	EndGlobalSection
EndGlobal
